// !$*UTF8*$!
{
	archiveVersion = 1;
	classes = {
	};
	objectVersion = 46;
	objects = {

/* Begin PBXBuildFile section */
		3C3871401CBAF7A4005544AF /* AppDelegate.swift in Sources */ = {isa = PBXBuildFile; fileRef = 3C38713F1CBAF7A4005544AF /* AppDelegate.swift */; };
		3C3871451CBAF7A4005544AF /* Main.storyboard in Resources */ = {isa = PBXBuildFile; fileRef = 3C3871431CBAF7A4005544AF /* Main.storyboard */; };
		3C3871471CBAF7A4005544AF /* Assets.xcassets in Resources */ = {isa = PBXBuildFile; fileRef = 3C3871461CBAF7A4005544AF /* Assets.xcassets */; };
		3C38714A1CBAF7A4005544AF /* LaunchScreen.storyboard in Resources */ = {isa = PBXBuildFile; fileRef = 3C3871481CBAF7A4005544AF /* LaunchScreen.storyboard */; };
		3C3871521CBAF832005544AF /* Podfile in Resources */ = {isa = PBXBuildFile; fileRef = 3C3871511CBAF832005544AF /* Podfile */; };
		3C3871541CBB99C0005544AF /* login.swift in Sources */ = {isa = PBXBuildFile; fileRef = 3C3871531CBB99C0005544AF /* login.swift */; };
		3C3871561CBB9B15005544AF /* table.swift in Sources */ = {isa = PBXBuildFile; fileRef = 3C3871551CBB9B15005544AF /* table.swift */; };
		3C3871581CBB9B20005544AF /* tablecell.swift in Sources */ = {isa = PBXBuildFile; fileRef = 3C3871571CBB9B20005544AF /* tablecell.swift */; };
		3C38715A1CBB9B37005544AF /* detail.swift in Sources */ = {isa = PBXBuildFile; fileRef = 3C3871591CBB9B37005544AF /* detail.swift */; };
		3C38715C1CBB9B3E005544AF /* countries.swift in Sources */ = {isa = PBXBuildFile; fileRef = 3C38715B1CBB9B3E005544AF /* countries.swift */; };
		9E286EDD4ED21E127D640F96 /* Pods_syncanoSeriesTwo.framework in Frameworks */ = {isa = PBXBuildFile; fileRef = 648649AC8AB3B8ADC2179A9C /* Pods_syncanoSeriesTwo.framework */; settings = {ATTRIBUTES = (Weak, ); }; };
/* End PBXBuildFile section */

/* Begin PBXFileReference section */
		003CC73A04ACDA25908FA9E1 /* Pods-syncanoSeriesTwo.debug.xcconfig */ = {isa = PBXFileReference; includeInIndex = 1; lastKnownFileType = text.xcconfig; name = "Pods-syncanoSeriesTwo.debug.xcconfig"; path = "Pods/Target Support Files/Pods-syncanoSeriesTwo/Pods-syncanoSeriesTwo.debug.xcconfig"; sourceTree = "<group>"; };
		15BB661350AEFA57261E5A0B /* Pods-syncanoSeriesTwo.release.xcconfig */ = {isa = PBXFileReference; includeInIndex = 1; lastKnownFileType = text.xcconfig; name = "Pods-syncanoSeriesTwo.release.xcconfig"; path = "Pods/Target Support Files/Pods-syncanoSeriesTwo/Pods-syncanoSeriesTwo.release.xcconfig"; sourceTree = "<group>"; };
		3C38713C1CBAF7A4005544AF /* syncanoSeriesTwo.app */ = {isa = PBXFileReference; explicitFileType = wrapper.application; includeInIndex = 0; path = syncanoSeriesTwo.app; sourceTree = BUILT_PRODUCTS_DIR; };
		3C38713F1CBAF7A4005544AF /* AppDelegate.swift */ = {isa = PBXFileReference; lastKnownFileType = sourcecode.swift; path = AppDelegate.swift; sourceTree = "<group>"; };
		3C3871441CBAF7A4005544AF /* Base */ = {isa = PBXFileReference; lastKnownFileType = file.storyboard; name = Base; path = Base.lproj/Main.storyboard; sourceTree = "<group>"; };
		3C3871461CBAF7A4005544AF /* Assets.xcassets */ = {isa = PBXFileReference; lastKnownFileType = folder.assetcatalog; path = Assets.xcassets; sourceTree = "<group>"; };
		3C3871491CBAF7A4005544AF /* Base */ = {isa = PBXFileReference; lastKnownFileType = file.storyboard; name = Base; path = Base.lproj/LaunchScreen.storyboard; sourceTree = "<group>"; };
		3C38714B1CBAF7A4005544AF /* Info.plist */ = {isa = PBXFileReference; lastKnownFileType = text.plist.xml; path = Info.plist; sourceTree = "<group>"; };
		3C3871511CBAF832005544AF /* Podfile */ = {isa = PBXFileReference; fileEncoding = 4; lastKnownFileType = text; path = Podfile; sourceTree = "<group>"; xcLanguageSpecificationIdentifier = xcode.lang.ruby; };
		3C3871531CBB99C0005544AF /* login.swift */ = {isa = PBXFileReference; fileEncoding = 4; lastKnownFileType = sourcecode.swift; path = login.swift; sourceTree = "<group>"; };
		3C3871551CBB9B15005544AF /* table.swift */ = {isa = PBXFileReference; fileEncoding = 4; lastKnownFileType = sourcecode.swift; path = table.swift; sourceTree = "<group>"; };
		3C3871571CBB9B20005544AF /* tablecell.swift */ = {isa = PBXFileReference; fileEncoding = 4; lastKnownFileType = sourcecode.swift; path = tablecell.swift; sourceTree = "<group>"; };
		3C3871591CBB9B37005544AF /* detail.swift */ = {isa = PBXFileReference; fileEncoding = 4; lastKnownFileType = sourcecode.swift; path = detail.swift; sourceTree = "<group>"; };
		3C38715B1CBB9B3E005544AF /* countries.swift */ = {isa = PBXFileReference; fileEncoding = 4; lastKnownFileType = sourcecode.swift; path = countries.swift; sourceTree = "<group>"; };
		648649AC8AB3B8ADC2179A9C /* Pods_syncanoSeriesTwo.framework */ = {isa = PBXFileReference; explicitFileType = wrapper.framework; includeInIndex = 0; path = Pods_syncanoSeriesTwo.framework; sourceTree = BUILT_PRODUCTS_DIR; };
/* End PBXFileReference section */

/* Begin PBXFrameworksBuildPhase section */
		3C3871391CBAF7A4005544AF /* Frameworks */ = {
			isa = PBXFrameworksBuildPhase;
			buildActionMask = 2147483647;
			files = (
				9E286EDD4ED21E127D640F96 /* Pods_syncanoSeriesTwo.framework in Frameworks */,
			);
			runOnlyForDeploymentPostprocessing = 0;
		};
/* End PBXFrameworksBuildPhase section */

/* Begin PBXGroup section */
		3C3871331CBAF7A4005544AF = {
			isa = PBXGroup;
			children = (
				3C38713E1CBAF7A4005544AF /* syncanoSeriesTwo */,
				3C38713D1CBAF7A4005544AF /* Products */,
				3C3871511CBAF832005544AF /* Podfile */,
				BD86D70383A4B5A8D303D8F4 /* Pods */,
				79820F106D5343AD55792ECF /* Frameworks */,
			);
			sourceTree = "<group>";
		};
		3C38713D1CBAF7A4005544AF /* Products */ = {
			isa = PBXGroup;
			children = (
				3C38713C1CBAF7A4005544AF /* syncanoSeriesTwo.app */,
			);
			name = Products;
			sourceTree = "<group>";
		};
		3C38713E1CBAF7A4005544AF /* syncanoSeriesTwo */ = {
			isa = PBXGroup;
			children = (
				3C38713F1CBAF7A4005544AF /* AppDelegate.swift */,
				3C3871431CBAF7A4005544AF /* Main.storyboard */,
				3C3871531CBB99C0005544AF /* login.swift */,
				3C38715B1CBB9B3E005544AF /* countries.swift */,
				3C3871591CBB9B37005544AF /* detail.swift */,
				3C3871551CBB9B15005544AF /* table.swift */,
				3C3871571CBB9B20005544AF /* tablecell.swift */,
				3C3871461CBAF7A4005544AF /* Assets.xcassets */,
				3C38715D1CBBABEC005544AF /* App sundry */,
			);
			path = syncanoSeriesTwo;
			sourceTree = "<group>";
		};
		3C38715D1CBBABEC005544AF /* App sundry */ = {
			isa = PBXGroup;
			children = (
				3C38714B1CBAF7A4005544AF /* Info.plist */,
				3C3871481CBAF7A4005544AF /* LaunchScreen.storyboard */,
			);
			name = "App sundry";
			sourceTree = "<group>";
		};
		79820F106D5343AD55792ECF /* Frameworks */ = {
			isa = PBXGroup;
			children = (
				648649AC8AB3B8ADC2179A9C /* Pods_syncanoSeriesTwo.framework */,
			);
			name = Frameworks;
			sourceTree = "<group>";
		};
		BD86D70383A4B5A8D303D8F4 /* Pods */ = {
			isa = PBXGroup;
			children = (
				003CC73A04ACDA25908FA9E1 /* Pods-syncanoSeriesTwo.debug.xcconfig */,
				15BB661350AEFA57261E5A0B /* Pods-syncanoSeriesTwo.release.xcconfig */,
			);
			name = Pods;
			sourceTree = "<group>";
		};
/* End PBXGroup section */

/* Begin PBXNativeTarget section */
		3C38713B1CBAF7A4005544AF /* syncanoSeriesTwo */ = {
			isa = PBXNativeTarget;
			buildConfigurationList = 3C38714E1CBAF7A4005544AF /* Build configuration list for PBXNativeTarget "syncanoSeriesTwo" */;
			buildPhases = (
				513FFC7F222E3C2F7ED9A4DB /* Check Pods Manifest.lock */,
				3C3871381CBAF7A4005544AF /* Sources */,
				3C3871391CBAF7A4005544AF /* Frameworks */,
				3C38713A1CBAF7A4005544AF /* Resources */,
				6518EC961B99D13AA177FDB8 /* Embed Pods Frameworks */,
				9E09C211B79E0E7A467B399F /* Copy Pods Resources */,
			);
			buildRules = (
			);
			dependencies = (
			);
			name = syncanoSeriesTwo;
			productName = syncanoSeriesTwo;
			productReference = 3C38713C1CBAF7A4005544AF /* syncanoSeriesTwo.app */;
			productType = "com.apple.product-type.application";
		};
/* End PBXNativeTarget section */

/* Begin PBXProject section */
		3C3871341CBAF7A4005544AF /* Project object */ = {
			isa = PBXProject;
			attributes = {
				LastSwiftUpdateCheck = 0730;
				LastUpgradeCheck = 0730;
				ORGANIZATIONNAME = "bizzi-body";
				TargetAttributes = {
					3C38713B1CBAF7A4005544AF = {
						CreatedOnToolsVersion = 7.3;
					};
				};
			};
			buildConfigurationList = 3C3871371CBAF7A4005544AF /* Build configuration list for PBXProject "syncanoSeriesTwo" */;
			compatibilityVersion = "Xcode 3.2";
			developmentRegion = English;
			hasScannedForEncodings = 0;
			knownRegions = (
				en,
				Base,
			);
			mainGroup = 3C3871331CBAF7A4005544AF;
			productRefGroup = 3C38713D1CBAF7A4005544AF /* Products */;
			projectDirPath = "";
			projectRoot = "";
			targets = (
				3C38713B1CBAF7A4005544AF /* syncanoSeriesTwo */,
			);
		};
/* End PBXProject section */

/* Begin PBXResourcesBuildPhase section */
		3C38713A1CBAF7A4005544AF /* Resources */ = {
			isa = PBXResourcesBuildPhase;
			buildActionMask = 2147483647;
			files = (
				3C38714A1CBAF7A4005544AF /* LaunchScreen.storyboard in Resources */,
				3C3871471CBAF7A4005544AF /* Assets.xcassets in Resources */,
				3C3871521CBAF832005544AF /* Podfile in Resources */,
				3C3871451CBAF7A4005544AF /* Main.storyboard in Resources */,
			);
			runOnlyForDeploymentPostprocessing = 0;
		};
/* End PBXResourcesBuildPhase section */

/* Begin PBXShellScriptBuildPhase section */
		513FFC7F222E3C2F7ED9A4DB /* Check Pods Manifest.lock */ = {
			isa = PBXShellScriptBuildPhase;
			buildActionMask = 2147483647;
			files = (
			);
			inputPaths = (
			);
			name = "Check Pods Manifest.lock";
			outputPaths = (
			);
			runOnlyForDeploymentPostprocessing = 0;
			shellPath = /bin/sh;
			shellScript = "diff \"${PODS_ROOT}/../Podfile.lock\" \"${PODS_ROOT}/Manifest.lock\" > /dev/null\nif [[ $? != 0 ]] ; then\n    cat << EOM\nerror: The sandbox is not in sync with the Podfile.lock. Run 'pod install' or update your CocoaPods installation.\nEOM\n    exit 1\nfi\n";
			showEnvVarsInLog = 0;
		};
		6518EC961B99D13AA177FDB8 /* Embed Pods Frameworks */ = {
			isa = PBXShellScriptBuildPhase;
			buildActionMask = 2147483647;
			files = (
			);
			inputPaths = (
			);
			name = "Embed Pods Frameworks";
			outputPaths = (
			);
			runOnlyForDeploymentPostprocessing = 0;
			shellPath = /bin/sh;
			shellScript = "\"${SRCROOT}/Pods/Target Support Files/Pods-syncanoSeriesTwo/Pods-syncanoSeriesTwo-frameworks.sh\"\n";
			showEnvVarsInLog = 0;
		};
		9E09C211B79E0E7A467B399F /* Copy Pods Resources */ = {
			isa = PBXShellScriptBuildPhase;
			buildActionMask = 2147483647;
			files = (
			);
			inputPaths = (
			);
			name = "Copy Pods Resources";
			outputPaths = (
			);
			runOnlyForDeploymentPostprocessing = 0;
			shellPath = /bin/sh;
			shellScript = "\"${SRCROOT}/Pods/Target Support Files/Pods-syncanoSeriesTwo/Pods-syncanoSeriesTwo-resources.sh\"\n";
			showEnvVarsInLog = 0;
		};
/* End PBXShellScriptBuildPhase section */

/* Begin PBXSourcesBuildPhase section */
		3C3871381CBAF7A4005544AF /* Sources */ = {
			isa = PBXSourcesBuildPhase;
			buildActionMask = 2147483647;
			files = (
				3C3871561CBB9B15005544AF /* table.swift in Sources */,
				3C3871401CBAF7A4005544AF /* AppDelegate.swift in Sources */,
				3C38715C1CBB9B3E005544AF /* countries.swift in Sources */,
				3C38715A1CBB9B37005544AF /* detail.swift in Sources */,
				3C3871581CBB9B20005544AF /* tablecell.swift in Sources */,
				3C3871541CBB99C0005544AF /* login.swift in Sources */,
			);
			runOnlyForDeploymentPostprocessing = 0;
		};
/* End PBXSourcesBuildPhase section */

/* Begin PBXVariantGroup section */
		3C3871431CBAF7A4005544AF /* Main.storyboard */ = {
			isa = PBXVariantGroup;
			children = (
				3C3871441CBAF7A4005544AF /* Base */,
			);
			name = Main.storyboard;
			sourceTree = "<group>";
		};
		3C3871481CBAF7A4005544AF /* LaunchScreen.storyboard */ = {
			isa = PBXVariantGroup;
			children = (
				3C3871491CBAF7A4005544AF /* Base */,
			);
			name = LaunchScreen.storyboard;
			sourceTree = "<group>";
		};
/* End PBXVariantGroup section */

/* Begin XCBuildConfiguration section */
		3C38714C1CBAF7A4005544AF /* Debug */ = {
			isa = XCBuildConfiguration;
			buildSettings = {
				ALWAYS_SEARCH_USER_PATHS = NO;
				CLANG_ANALYZER_NONNULL = YES;
				CLANG_CXX_LANGUAGE_STANDARD = "gnu++0x";
				CLANG_CXX_LIBRARY = "libc++";
				CLANG_ENABLE_MODULES = YES;
				CLANG_ENABLE_OBJC_ARC = YES;
				CLANG_WARN_BOOL_CONVERSION = YES;
				CLANG_WARN_CONSTANT_CONVERSION = YES;
				CLANG_WARN_DIRECT_OBJC_ISA_USAGE = YES_ERROR;
				CLANG_WARN_EMPTY_BODY = YES;
				CLANG_WARN_ENUM_CONVERSION = YES;
				CLANG_WARN_INT_CONVERSION = YES;
				CLANG_WARN_OBJC_ROOT_CLASS = YES_ERROR;
				CLANG_WARN_UNREACHABLE_CODE = YES;
				CLANG_WARN__DUPLICATE_METHOD_MATCH = YES;
				"CODE_SIGN_IDENTITY[sdk=iphoneos*]" = "iPhone Developer";
				COPY_PHASE_STRIP = NO;
				DEBUG_INFORMATION_FORMAT = dwarf;
				ENABLE_STRICT_OBJC_MSGSEND = YES;
				ENABLE_TESTABILITY = YES;
				GCC_C_LANGUAGE_STANDARD = gnu99;
				GCC_DYNAMIC_NO_PIC = NO;
				GCC_NO_COMMON_BLOCKS = YES;
				GCC_OPTIMIZATION_LEVEL = 0;
				GCC_PREPROCESSOR_DEFINITIONS = (
					"DEBUG=1",
					"$(inherited)",
				);
				GCC_WARN_64_TO_32_BIT_CONVERSION = YES;
				GCC_WARN_ABOUT_RETURN_TYPE = YES_ERROR;
				GCC_WARN_UNDECLARED_SELECTOR = YES;
				GCC_WARN_UNINITIALIZED_AUTOS = YES_AGGRESSIVE;
				GCC_WARN_UNUSED_FUNCTION = YES;
				GCC_WARN_UNUSED_VARIABLE = YES;
				IPHONEOS_DEPLOYMENT_TARGET = 9.3;
				MTL_ENABLE_DEBUG_INFO = YES;
				ONLY_ACTIVE_ARCH = YES;
				SDKROOT = iphoneos;
				SWIFT_OPTIMIZATION_LEVEL = "-Onone";
				TARGETED_DEVICE_FAMILY = "1,2";
			};
			name = Debug;
		};
		3C38714D1CBAF7A4005544AF /* Release */ = {
			isa = XCBuildConfiguration;
			buildSettings = {
				ALWAYS_SEARCH_USER_PATHS = NO;
				CLANG_ANALYZER_NONNULL = YES;
				CLANG_CXX_LANGUAGE_STANDARD = "gnu++0x";
				CLANG_CXX_LIBRARY = "libc++";
				CLANG_ENABLE_MODULES = YES;
				CLANG_ENABLE_OBJC_ARC = YES;
				CLANG_WARN_BOOL_CONVERSION = YES;
				CLANG_WARN_CONSTANT_CONVERSION = YES;
				CLANG_WARN_DIRECT_OBJC_ISA_USAGE = YES_ERROR;
				CLANG_WARN_EMPTY_BODY = YES;
				CLANG_WARN_ENUM_CONVERSION = YES;
				CLANG_WARN_INT_CONVERSION = YES;
				CLANG_WARN_OBJC_ROOT_CLASS = YES_ERROR;
				CLANG_WARN_UNREACHABLE_CODE = YES;
				CLANG_WARN__DUPLICATE_METHOD_MATCH = YES;
				"CODE_SIGN_IDENTITY[sdk=iphoneos*]" = "iPhone Developer";
				COPY_PHASE_STRIP = NO;
				DEBUG_INFORMATION_FORMAT = "dwarf-with-dsym";
				ENABLE_NS_ASSERTIONS = NO;
				ENABLE_STRICT_OBJC_MSGSEND = YES;
				GCC_C_LANGUAGE_STANDARD = gnu99;
				GCC_NO_COMMON_BLOCKS = YES;
				GCC_WARN_64_TO_32_BIT_CONVERSION = YES;
				GCC_WARN_ABOUT_RETURN_TYPE = YES_ERROR;
				GCC_WARN_UNDECLARED_SELECTOR = YES;
				GCC_WARN_UNINITIALIZED_AUTOS = YES_AGGRESSIVE;
				GCC_WARN_UNUSED_FUNCTION = YES;
				GCC_WARN_UNUSED_VARIABLE = YES;
				IPHONEOS_DEPLOYMENT_TARGET = 9.3;
				MTL_ENABLE_DEBUG_INFO = NO;
				SDKROOT = iphoneos;
				TARGETED_DEVICE_FAMILY = "1,2";
				VALIDATE_PRODUCT = YES;
			};
			name = Release;
		};
		3C38714F1CBAF7A4005544AF /* Debug */ = {
			isa = XCBuildConfiguration;
			baseConfigurationReference = 003CC73A04ACDA25908FA9E1 /* Pods-syncanoSeriesTwo.debug.xcconfig */;
			buildSettings = {
				ASSETCATALOG_COMPILER_APPICON_NAME = AppIcon;
				INFOPLIST_FILE = syncanoSeriesTwo/Info.plist;
				LD_RUNPATH_SEARCH_PATHS = "$(inherited) @executable_path/Frameworks";
				PRODUCT_BUNDLE_IDENTIFIER = "com.bizzi-body.syncanoSeriesTwo";
				PRODUCT_NAME = "$(TARGET_NAME)";
			};
			name = Debug;
		};
		3C3871501CBAF7A4005544AF /* Release */ = {
			isa = XCBuildConfiguration;
			baseConfigurationReference = 15BB661350AEFA57261E5A0B /* Pods-syncanoSeriesTwo.release.xcconfig */;
			buildSettings = {
				ASSETCATALOG_COMPILER_APPICON_NAME = AppIcon;
				INFOPLIST_FILE = syncanoSeriesTwo/Info.plist;
				LD_RUNPATH_SEARCH_PATHS = "$(inherited) @executable_path/Frameworks";
				PRODUCT_BUNDLE_IDENTIFIER = "com.bizzi-body.syncanoSeriesTwo";
				PRODUCT_NAME = "$(TARGET_NAME)";
			};
			name = Release;
		};
/* End XCBuildConfiguration section */

/* Begin XCConfigurationList section */
		3C3871371CBAF7A4005544AF /* Build configuration list for PBXProject "syncanoSeriesTwo" */ = {
			isa = XCConfigurationList;
			buildConfigurations = (
				3C38714C1CBAF7A4005544AF /* Debug */,
				3C38714D1CBAF7A4005544AF /* Release */,
			);
			defaultConfigurationIsVisible = 0;
			defaultConfigurationName = Release;
		};
		3C38714E1CBAF7A4005544AF /* Build configuration list for PBXNativeTarget "syncanoSeriesTwo" */ = {
			isa = XCConfigurationList;
			buildConfigurations = (
				3C38714F1CBAF7A4005544AF /* Debug */,
				3C3871501CBAF7A4005544AF /* Release */,
			);
			defaultConfigurationIsVisible = 0;
			defaultConfigurationName = Release;
		};
/* End XCConfigurationList section */
	};
	rootObject = 3C3871341CBAF7A4005544AF /* Project object */;
}
